
Microsoft Visual Studio Solution File, Format Version 12.00
# Visual Studio Version 17
VisualStudioVersion = 17.10.35027.167
MinimumVisualStudioVersion = 10.0.40219.1
Project("{FAE04EC0-301F-11D3-BF4B-00C04F79EFBC}") = "testgame", "testgame\testgame.csproj", "{5A19F10E-0241-4320-8CB2-1B537CD417E3}"
EndProject
Global
	GlobalSection(SolutionConfigurationPlatforms) = preSolution
		Debug|Any CPU = Debug|Any CPU
		Release|Any CPU = Release|Any CPU
	EndGlobalSection
	GlobalSection(ProjectConfigurationPlatforms) = postSolution
		{5A19F10E-0241-4320-8CB2-1B537CD417E3}.Debug|Any CPU.ActiveCfg = Debug|Any CPU
		{5A19F10E-0241-4320-8CB2-1B537CD417E3}.Debug|Any CPU.Build.0 = Debug|Any CPU
		{5A19F10E-0241-4320-8CB2-1B537CD417E3}.Release|Any CPU.ActiveCfg = Release|Any CPU
		{5A19F10E-0241-4320-8CB2-1B537CD417E3}.Release|Any CPU.Build.0 = Release|Any CPU
	EndGlobalSection
	GlobalSection(SolutionProperties) = preSolution
		HideSolutionNode = FALSE
	EndGlobalSection
	GlobalSection(ExtensibilityGlobals) = postSolution
		SolutionGuid = {A2038517-491D-4998-987F-2F7B3040BC50}
	EndGlobalSection
EndGlobal
